{
  "version": 4,
  "terraform_version": "1.1.3",
  "serial": 45,
  "lineage": "2a7fd9bf-09f2-910b-8736-31cc843cbf2e",
  "outputs": {
    "alb": {
      "value": {
        "alb-security-group-id": "sg-0518b608517a1dc49",
        "alb-tb-arn": "arn:aws:elasticloadbalancing:ap-south-1:065788519768:targetgroup/jitsi-alb-tb/bc5b1d811c0c2ced"
      },
      "type": [
        "object",
        {
          "alb-security-group-id": "string",
          "alb-tb-arn": "string"
        }
      ]
    },
    "ecs": {
      "value": {},
      "type": [
        "object",
        {}
      ]
    },
    "jitsi-vpc": {
      "value": "vpc-080a047018a9d9e8d",
      "type": "string"
    },
    "private-subnets": {
      "value": [
        "subnet-016c291d32af397a8",
        "subnet-03eb7f177998e83dc"
      ],
      "type": [
        "set",
        "string"
      ]
    },
    "public-subnets": {
      "value": [
        "subnet-097e1a3a03010b9f2",
        "subnet-09b80151bc68ed018"
      ],
      "type": [
        "set",
        "string"
      ]
    }
  },
  "resources": [
    {
      "mode": "data",
      "type": "aws_subnet_ids",
      "name": "private-subnets",
      "provider": "provider[\"registry.terraform.io/hashicorp/aws\"]",
      "instances": [
        {
          "schema_version": 0,
          "attributes": {
            "filter": [
              {
                "name": "tag:Name",
                "values": [
                  "jitsi-private-*"
                ]
              }
            ],
            "id": "vpc-080a047018a9d9e8d",
            "ids": [
              "subnet-016c291d32af397a8",
              "subnet-03eb7f177998e83dc"
            ],
            "tags": null,
            "vpc_id": "vpc-080a047018a9d9e8d"
          },
          "sensitive_attributes": []
        }
      ]
    },
    {
      "mode": "data",
      "type": "aws_subnet_ids",
      "name": "public-subnets",
      "provider": "provider[\"registry.terraform.io/hashicorp/aws\"]",
      "instances": [
        {
          "schema_version": 0,
          "attributes": {
            "filter": [
              {
                "name": "tag:Name",
                "values": [
                  "jitsi-public-*"
                ]
              }
            ],
            "id": "vpc-080a047018a9d9e8d",
            "ids": [
              "subnet-097e1a3a03010b9f2",
              "subnet-09b80151bc68ed018"
            ],
            "tags": null,
            "vpc_id": "vpc-080a047018a9d9e8d"
          },
          "sensitive_attributes": []
        }
      ]
    },
    {
      "mode": "data",
      "type": "aws_vpc",
      "name": "jitsi-vpc",
      "provider": "provider[\"registry.terraform.io/hashicorp/aws\"]",
      "instances": [
        {
          "schema_version": 0,
          "attributes": {
            "arn": "arn:aws:ec2:ap-south-1:065788519768:vpc/vpc-080a047018a9d9e8d",
            "cidr_block": "10.10.0.0/16",
            "cidr_block_associations": [
              {
                "association_id": "vpc-cidr-assoc-08b8867d4f6c78806",
                "cidr_block": "10.10.0.0/16",
                "state": "associated"
              }
            ],
            "default": false,
            "dhcp_options_id": "dopt-0f995f3744d897eed",
            "enable_dns_hostnames": false,
            "enable_dns_support": true,
            "filter": null,
            "id": "vpc-080a047018a9d9e8d",
            "instance_tenancy": "default",
            "ipv6_association_id": "",
            "ipv6_cidr_block": "",
            "main_route_table_id": "rtb-079d38d51c4267df4",
            "owner_id": "065788519768",
            "state": null,
            "tags": {
              "Name": "vpc-jitsi",
              "env": "dev",
              "purpose": "jitsi"
            }
          },
          "sensitive_attributes": []
        }
      ]
    },
    {
      "module": "module.alb",
      "mode": "managed",
      "type": "aws_alb",
      "name": "jitsi-alb",
      "provider": "provider[\"registry.terraform.io/hashicorp/aws\"]",
      "instances": [
        {
          "schema_version": 0,
          "attributes": {
            "access_logs": [
              {
                "bucket": "",
                "enabled": false,
                "prefix": ""
              }
            ],
            "arn": "arn:aws:elasticloadbalancing:ap-south-1:065788519768:loadbalancer/app/jitsi-alb/0f30d46215969ce5",
            "arn_suffix": "app/jitsi-alb/0f30d46215969ce5",
            "customer_owned_ipv4_pool": "",
            "desync_mitigation_mode": "defensive",
            "dns_name": "jitsi-alb-2011482691.ap-south-1.elb.amazonaws.com",
            "drop_invalid_header_fields": false,
            "enable_cross_zone_load_balancing": null,
            "enable_deletion_protection": false,
            "enable_http2": true,
            "enable_waf_fail_open": false,
            "id": "arn:aws:elasticloadbalancing:ap-south-1:065788519768:loadbalancer/app/jitsi-alb/0f30d46215969ce5",
            "idle_timeout": 60,
            "internal": false,
            "ip_address_type": "ipv4",
            "load_balancer_type": "application",
            "name": "jitsi-alb",
            "name_prefix": null,
            "security_groups": [
              "sg-0518b608517a1dc49"
            ],
            "subnet_mapping": [
              {
                "allocation_id": "",
                "ipv6_address": "",
                "outpost_id": "",
                "private_ipv4_address": "",
                "subnet_id": "subnet-097e1a3a03010b9f2"
              },
              {
                "allocation_id": "",
                "ipv6_address": "",
                "outpost_id": "",
                "private_ipv4_address": "",
                "subnet_id": "subnet-09b80151bc68ed018"
              }
            ],
            "subnets": [
              "subnet-097e1a3a03010b9f2",
              "subnet-09b80151bc68ed018"
            ],
            "tags": {},
            "tags_all": {
              "env": "dev",
              "purpose": "jitsi"
            },
            "timeouts": null,
            "vpc_id": "vpc-080a047018a9d9e8d",
            "zone_id": "ZP97RAFLXTNZK"
          },
          "sensitive_attributes": [],
          "private": "eyJlMmJmYjczMC1lY2FhLTExZTYtOGY4OC0zNDM2M2JjN2M0YzAiOnsiY3JlYXRlIjo2MDAwMDAwMDAwMDAsImRlbGV0ZSI6NjAwMDAwMDAwMDAwLCJ1cGRhdGUiOjYwMDAwMDAwMDAwMH19",
          "dependencies": [
            "data.aws_subnet_ids.public-subnets",
            "data.aws_vpc.jitsi-vpc",
            "module.alb.aws_security_group.alb-security-group"
          ]
        }
      ]
    },
    {
      "module": "module.alb",
      "mode": "managed",
      "type": "aws_lb_listener",
      "name": "alb-listener",
      "provider": "provider[\"registry.terraform.io/hashicorp/aws\"]",
      "instances": [
        {
          "schema_version": 0,
          "attributes": {
            "alpn_policy": null,
            "arn": "arn:aws:elasticloadbalancing:ap-south-1:065788519768:listener/app/jitsi-alb/0f30d46215969ce5/9e6862f856617adc",
            "certificate_arn": null,
            "default_action": [
              {
                "authenticate_cognito": [],
                "authenticate_oidc": [],
                "fixed_response": [],
                "forward": [],
                "order": 1,
                "redirect": [],
                "target_group_arn": "arn:aws:elasticloadbalancing:ap-south-1:065788519768:targetgroup/jitsi-alb-tb/bc5b1d811c0c2ced",
                "type": "forward"
              }
            ],
            "id": "arn:aws:elasticloadbalancing:ap-south-1:065788519768:listener/app/jitsi-alb/0f30d46215969ce5/9e6862f856617adc",
            "load_balancer_arn": "arn:aws:elasticloadbalancing:ap-south-1:065788519768:loadbalancer/app/jitsi-alb/0f30d46215969ce5",
            "port": 80,
            "protocol": "HTTP",
            "ssl_policy": "",
            "tags": {},
            "tags_all": {
              "env": "dev",
              "purpose": "jitsi"
            },
            "timeouts": null
          },
          "sensitive_attributes": [],
          "private": "eyJlMmJmYjczMC1lY2FhLTExZTYtOGY4OC0zNDM2M2JjN2M0YzAiOnsicmVhZCI6NjAwMDAwMDAwMDAwfX0=",
          "dependencies": [
            "module.alb.aws_lb_target_group.alb-tb",
            "module.alb.aws_security_group.alb-security-group",
            "data.aws_subnet_ids.public-subnets",
            "data.aws_vpc.jitsi-vpc",
            "module.alb.aws_alb.jitsi-alb"
          ]
        }
      ]
    },
    {
      "module": "module.alb",
      "mode": "managed",
      "type": "aws_lb_target_group",
      "name": "alb-tb",
      "provider": "provider[\"registry.terraform.io/hashicorp/aws\"]",
      "instances": [
        {
          "schema_version": 0,
          "attributes": {
            "arn": "arn:aws:elasticloadbalancing:ap-south-1:065788519768:targetgroup/jitsi-alb-tb/bc5b1d811c0c2ced",
            "arn_suffix": "targetgroup/jitsi-alb-tb/bc5b1d811c0c2ced",
            "connection_termination": false,
            "deregistration_delay": "300",
            "health_check": [
              {
                "enabled": true,
                "healthy_threshold": 3,
                "interval": 30,
                "matcher": "200,301,302",
                "path": "/",
                "port": "traffic-port",
                "protocol": "HTTP",
                "timeout": 5,
                "unhealthy_threshold": 3
              }
            ],
            "id": "arn:aws:elasticloadbalancing:ap-south-1:065788519768:targetgroup/jitsi-alb-tb/bc5b1d811c0c2ced",
            "lambda_multi_value_headers_enabled": false,
            "load_balancing_algorithm_type": "round_robin",
            "name": "jitsi-alb-tb",
            "name_prefix": null,
            "port": 80,
            "preserve_client_ip": null,
            "protocol": "HTTP",
            "protocol_version": "HTTP1",
            "proxy_protocol_v2": false,
            "slow_start": 0,
            "stickiness": [
              {
                "cookie_duration": 86400,
                "cookie_name": "",
                "enabled": false,
                "type": "lb_cookie"
              }
            ],
            "tags": {},
            "tags_all": {
              "env": "dev",
              "purpose": "jitsi"
            },
            "target_type": "ip",
            "vpc_id": "vpc-080a047018a9d9e8d"
          },
          "sensitive_attributes": [],
          "private": "bnVsbA==",
          "dependencies": [
            "data.aws_vpc.jitsi-vpc"
          ]
        }
      ]
    },
    {
      "module": "module.alb",
      "mode": "managed",
      "type": "aws_security_group",
      "name": "alb-security-group",
      "provider": "provider[\"registry.terraform.io/hashicorp/aws\"]",
      "instances": [
        {
          "schema_version": 1,
          "attributes": {
            "arn": "arn:aws:ec2:ap-south-1:065788519768:security-group/sg-0518b608517a1dc49",
            "description": "Managed by Terraform",
            "egress": [
              {
                "cidr_blocks": [
                  "0.0.0.0/0"
                ],
                "description": "",
                "from_port": 0,
                "ipv6_cidr_blocks": [],
                "prefix_list_ids": [],
                "protocol": "-1",
                "security_groups": [],
                "self": false,
                "to_port": 0
              }
            ],
            "id": "sg-0518b608517a1dc49",
            "ingress": [
              {
                "cidr_blocks": [
                  "0.0.0.0/0"
                ],
                "description": null,
                "from_port": 443,
                "ipv6_cidr_blocks": [],
                "prefix_list_ids": [],
                "protocol": "tcp",
                "security_groups": [],
                "self": false,
                "to_port": 443
              },
              {
                "cidr_blocks": [
                  "0.0.0.0/0"
                ],
                "description": null,
                "from_port": 80,
                "ipv6_cidr_blocks": [],
                "prefix_list_ids": [],
                "protocol": "tcp",
                "security_groups": [],
                "self": false,
                "to_port": 80
              }
            ],
            "name": "jitsi-alb-sg",
            "name_prefix": "",
            "owner_id": "065788519768",
            "revoke_rules_on_delete": false,
            "tags": {},
            "tags_all": {
              "env": "dev",
              "purpose": "jitsi"
            },
            "timeouts": null,
            "vpc_id": "vpc-080a047018a9d9e8d"
          },
          "sensitive_attributes": [],
          "private": "eyJlMmJmYjczMC1lY2FhLTExZTYtOGY4OC0zNDM2M2JjN2M0YzAiOnsiY3JlYXRlIjo2MDAwMDAwMDAwMDAsImRlbGV0ZSI6OTAwMDAwMDAwMDAwfSwic2NoZW1hX3ZlcnNpb24iOiIxIn0=",
          "dependencies": [
            "data.aws_vpc.jitsi-vpc"
          ]
        }
      ]
    },
    {
      "module": "module.ecs",
      "mode": "data",
      "type": "aws_iam_policy_document",
      "name": "assume_role_policy",
      "provider": "provider[\"registry.terraform.io/hashicorp/aws\"]",
      "instances": [
        {
          "schema_version": 0,
          "attributes": {
            "id": "320642683",
            "json": "{\n  \"Version\": \"2012-10-17\",\n  \"Statement\": [\n    {\n      \"Sid\": \"\",\n      \"Effect\": \"Allow\",\n      \"Action\": \"sts:AssumeRole\",\n      \"Principal\": {\n        \"Service\": \"ecs-tasks.amazonaws.com\"\n      }\n    }\n  ]\n}",
            "override_json": null,
            "override_policy_documents": null,
            "policy_id": null,
            "source_json": null,
            "source_policy_documents": null,
            "statement": [
              {
                "actions": [
                  "sts:AssumeRole"
                ],
                "condition": [],
                "effect": "Allow",
                "not_actions": [],
                "not_principals": [],
                "not_resources": [],
                "principals": [
                  {
                    "identifiers": [
                      "ecs-tasks.amazonaws.com"
                    ],
                    "type": "Service"
                  }
                ],
                "resources": [],
                "sid": ""
              }
            ],
            "version": "2012-10-17"
          },
          "sensitive_attributes": []
        }
      ]
    },
    {
      "module": "module.ecs",
      "mode": "managed",
      "type": "aws_ecs_cluster",
      "name": "cluster_name",
      "provider": "provider[\"registry.terraform.io/hashicorp/aws\"]",
      "instances": [
        {
          "schema_version": 0,
          "attributes": {
            "arn": "arn:aws:ecs:ap-south-1:065788519768:cluster/jitsi",
            "capacity_providers": [],
            "configuration": [],
            "default_capacity_provider_strategy": [],
            "id": "arn:aws:ecs:ap-south-1:065788519768:cluster/jitsi",
            "name": "jitsi",
            "setting": [
              {
                "name": "containerInsights",
                "value": "disabled"
              }
            ],
            "tags": {},
            "tags_all": {
              "env": "dev",
              "purpose": "jitsi"
            }
          },
          "sensitive_attributes": [],
          "private": "bnVsbA==",
          "dependencies": [
            "data.aws_vpc.jitsi-vpc",
            "module.alb.aws_lb_target_group.alb-tb",
            "module.alb.aws_security_group.alb-security-group"
          ]
        }
      ]
    },
    {
      "module": "module.ecs",
      "mode": "managed",
      "type": "aws_ecs_service",
      "name": "jitsi-web-service",
      "provider": "provider[\"registry.terraform.io/hashicorp/aws\"]",
      "instances": [
        {
          "schema_version": 0,
          "attributes": {
            "capacity_provider_strategy": [],
            "cluster": "arn:aws:ecs:ap-south-1:065788519768:cluster/jitsi",
            "deployment_circuit_breaker": [
              {
                "enable": false,
                "rollback": false
              }
            ],
            "deployment_controller": [
              {
                "type": "ECS"
              }
            ],
            "deployment_maximum_percent": 200,
            "deployment_minimum_healthy_percent": 100,
            "desired_count": 1,
            "enable_ecs_managed_tags": false,
            "enable_execute_command": false,
            "force_new_deployment": null,
            "health_check_grace_period_seconds": 0,
            "iam_role": "aws-service-role",
            "id": "arn:aws:ecs:ap-south-1:065788519768:service/jitsi/jitsi-web",
            "launch_type": "FARGATE",
            "load_balancer": [
              {
                "container_name": "jitsi_web",
                "container_port": 80,
                "elb_name": "",
                "target_group_arn": "arn:aws:elasticloadbalancing:ap-south-1:065788519768:targetgroup/jitsi-alb-tb/bc5b1d811c0c2ced"
              }
            ],
            "name": "jitsi-web",
            "network_configuration": [
              {
                "assign_public_ip": true,
                "security_groups": [],
                "subnets": [
                  "subnet-016c291d32af397a8",
                  "subnet-03eb7f177998e83dc"
                ]
              }
            ],
            "ordered_placement_strategy": [],
            "placement_constraints": [],
            "platform_version": "LATEST",
            "propagate_tags": "NONE",
            "scheduling_strategy": "REPLICA",
            "service_registries": [],
            "tags": {},
            "tags_all": {
              "env": "dev",
              "purpose": "jitsi"
            },
            "task_definition": "arn:aws:ecs:ap-south-1:065788519768:task-definition/jitsi_web:2",
            "timeouts": null,
            "wait_for_steady_state": false
          },
          "sensitive_attributes": [],
          "private": "eyJlMmJmYjczMC1lY2FhLTExZTYtOGY4OC0zNDM2M2JjN2M0YzAiOnsiZGVsZXRlIjoxMjAwMDAwMDAwMDAwfX0=",
          "dependencies": [
            "module.alb.aws_security_group.alb-security-group",
            "module.ecs.aws_ecs_cluster.cluster_name",
            "module.ecs.aws_ecs_task_definition.jitsi-web-task",
            "module.ecs.aws_iam_role.ecsTaskExecutionRole",
            "module.ecs.data.aws_iam_policy_document.assume_role_policy",
            "data.aws_subnet_ids.private-subnets",
            "data.aws_vpc.jitsi-vpc",
            "module.alb.aws_lb_target_group.alb-tb"
          ]
        }
      ]
    },
    {
      "module": "module.ecs",
      "mode": "managed",
      "type": "aws_ecs_task_definition",
      "name": "jitsi-web-task",
      "provider": "provider[\"registry.terraform.io/hashicorp/aws\"]",
      "instances": [
        {
          "schema_version": 1,
          "attributes": {
            "arn": "arn:aws:ecs:ap-south-1:065788519768:task-definition/jitsi_web:2",
            "container_definitions": "[{\"cpu\":256,\"environment\":[],\"essential\":true,\"image\":\"nginx:latest\",\"memory\":512,\"mountPoints\":[],\"name\":\"jitsi_web\",\"portMappings\":[{\"containerPort\":80,\"hostPort\":80,\"protocol\":\"tcp\"},{\"containerPort\":443,\"hostPort\":443,\"protocol\":\"tcp\"}],\"volumesFrom\":[]}]",
            "cpu": "256",
            "ephemeral_storage": [],
            "execution_role_arn": "arn:aws:iam::065788519768:role/jitsiecsTaskExecutionRole",
            "family": "jitsi_web",
            "id": "jitsi_web",
            "inference_accelerator": [],
            "ipc_mode": "",
            "memory": "512",
            "network_mode": "awsvpc",
            "pid_mode": "",
            "placement_constraints": [],
            "proxy_configuration": [],
            "requires_compatibilities": [
              "FARGATE"
            ],
            "revision": 2,
            "runtime_platform": [],
            "skip_destroy": false,
            "tags": {},
            "tags_all": {
              "env": "dev",
              "purpose": "jitsi"
            },
            "task_role_arn": "",
            "volume": []
          },
          "sensitive_attributes": [],
          "private": "eyJzY2hlbWFfdmVyc2lvbiI6IjEifQ==",
          "dependencies": [
            "module.ecs.data.aws_iam_policy_document.assume_role_policy",
            "data.aws_vpc.jitsi-vpc",
            "module.alb.aws_lb_target_group.alb-tb",
            "module.alb.aws_security_group.alb-security-group",
            "module.ecs.aws_iam_role.ecsTaskExecutionRole"
          ]
        }
      ]
    },
    {
      "module": "module.ecs",
      "mode": "managed",
      "type": "aws_iam_role",
      "name": "ecsTaskExecutionRole",
      "provider": "provider[\"registry.terraform.io/hashicorp/aws\"]",
      "instances": [
        {
          "schema_version": 0,
          "attributes": {
            "arn": "arn:aws:iam::065788519768:role/jitsiecsTaskExecutionRole",
            "assume_role_policy": "{\"Version\":\"2012-10-17\",\"Statement\":[{\"Sid\":\"\",\"Effect\":\"Allow\",\"Principal\":{\"Service\":\"ecs-tasks.amazonaws.com\"},\"Action\":\"sts:AssumeRole\"}]}",
            "create_date": "2022-02-13T13:14:17Z",
            "description": "",
            "force_detach_policies": false,
            "id": "jitsiecsTaskExecutionRole",
            "inline_policy": [
              {
                "name": "",
                "policy": ""
              }
            ],
            "managed_policy_arns": [
              "arn:aws:iam::aws:policy/service-role/AmazonECSTaskExecutionRolePolicy"
            ],
            "max_session_duration": 3600,
            "name": "jitsiecsTaskExecutionRole",
            "name_prefix": "",
            "path": "/",
            "permissions_boundary": null,
            "tags": {},
            "tags_all": {
              "env": "dev",
              "purpose": "jitsi"
            },
            "unique_id": "AROAQ6UKNEVMAWB2DH4NT"
          },
          "sensitive_attributes": [],
          "private": "bnVsbA==",
          "dependencies": [
            "data.aws_vpc.jitsi-vpc",
            "module.alb.aws_lb_target_group.alb-tb",
            "module.alb.aws_security_group.alb-security-group",
            "module.ecs.data.aws_iam_policy_document.assume_role_policy"
          ]
        }
      ]
    },
    {
      "module": "module.ecs",
      "mode": "managed",
      "type": "aws_iam_role_policy_attachment",
      "name": "ecsTaskExecutionRole_policy",
      "provider": "provider[\"registry.terraform.io/hashicorp/aws\"]",
      "instances": [
        {
          "schema_version": 0,
          "attributes": {
            "id": "jitsiecsTaskExecutionRole-20220213131424512400000001",
            "policy_arn": "arn:aws:iam::aws:policy/service-role/AmazonECSTaskExecutionRolePolicy",
            "role": "jitsiecsTaskExecutionRole"
          },
          "sensitive_attributes": [],
          "private": "bnVsbA==",
          "dependencies": [
            "module.ecs.data.aws_iam_policy_document.assume_role_policy",
            "data.aws_vpc.jitsi-vpc",
            "module.alb.aws_lb_target_group.alb-tb",
            "module.alb.aws_security_group.alb-security-group",
            "module.ecs.aws_iam_role.ecsTaskExecutionRole"
          ]
        }
      ]
    },
    {
      "module": "module.ecs",
      "mode": "managed",
      "type": "aws_security_group",
      "name": "jitsi-security-group",
      "provider": "provider[\"registry.terraform.io/hashicorp/aws\"]",
      "instances": [
        {
          "schema_version": 1,
          "attributes": {
            "arn": "arn:aws:ec2:ap-south-1:065788519768:security-group/sg-02a3f482d74b7480c",
            "description": "Managed by Terraform",
            "egress": [
              {
                "cidr_blocks": [
                  "0.0.0.0/0"
                ],
                "description": "",
                "from_port": 0,
                "ipv6_cidr_blocks": [],
                "prefix_list_ids": [],
                "protocol": "-1",
                "security_groups": [],
                "self": false,
                "to_port": 0
              }
            ],
            "id": "sg-02a3f482d74b7480c",
            "ingress": [
              {
                "cidr_blocks": [],
                "description": "",
                "from_port": 0,
                "ipv6_cidr_blocks": [],
                "prefix_list_ids": [],
                "protocol": "-1",
                "security_groups": [
                  "sg-0518b608517a1dc49"
                ],
                "self": false,
                "to_port": 0
              }
            ],
            "name": "jitsi-sg",
            "name_prefix": "",
            "owner_id": "065788519768",
            "revoke_rules_on_delete": false,
            "tags": {},
            "tags_all": {
              "env": "dev",
              "purpose": "jitsi"
            },
            "timeouts": null,
            "vpc_id": "vpc-080a047018a9d9e8d"
          },
          "sensitive_attributes": [],
          "private": "eyJlMmJmYjczMC1lY2FhLTExZTYtOGY4OC0zNDM2M2JjN2M0YzAiOnsiY3JlYXRlIjo2MDAwMDAwMDAwMDAsImRlbGV0ZSI6OTAwMDAwMDAwMDAwfSwic2NoZW1hX3ZlcnNpb24iOiIxIn0=",
          "dependencies": [
            "data.aws_vpc.jitsi-vpc",
            "module.alb.aws_lb_target_group.alb-tb",
            "module.alb.aws_security_group.alb-security-group"
          ]
        }
      ]
    }
  ]
}
